{
  "object": {
    "pins": [
      {
        "package": "MoEngageTriggerEvaluator",
        "repositoryURL": "https://github.com/moengage/ios-trigger-evalutor",
        "state": {
          "branch": null,
          "revision": "6be93a19dc55901ba8763f8ea580c21779d7eb78",
          "version": "1.0.0"
        }
      },
      {
        "package": "MoEngageInApps",
        "repositoryURL": "https://github.com/moengage/MoEngage-iOS-InApps",
        "state": {
          "branch": null,
          "revision": "3fd989d79b0020bb9f18a8ab13211654c8994fc0",
          "version": "5.1.0"
        }
      },
      {
        "package": "MoEngage-iOS-SDK",
        "repositoryURL": "https://github.com/moengage/MoEngage-iOS-SDK",
        "state": {
          "branch": null,
          "revision": "d0c9162fc560abd5f3bd7ae3284db415137f834c",
          "version": "9.16.2"
        }
      }
    ]
  },
  "version": 1
}
