{
  "object": {
    "pins": [
      {
        "package": "MoEngage-iOS-SDK",
        "repositoryURL": "https://github.com/moengage/apple-sdk.git",
        "state": {
          "branch": null,
          "revision": "a802ce5b5875dca920392cfe62fc4029656a32d9",
          "version": "9.23.1"
        }
      }
    ]
  },
  "version": 1
}
