{
  "object": {
    "pins": [
      {
        "package": "MoEngageInApps",
        "repositoryURL": "https://github.com/moengage/MoEngage-iOS-InApps",
        "state": {
          "branch": null,
          "revision": "441fd094f0c4a0fdb03b2a367cd6c7561a291dd9",
          "version": "4.8.3"
        }
      },
      {
        "package": "MoEngage-iOS-SDK",
        "repositoryURL": "https://github.com/moengage/MoEngage-iOS-SDK",
        "state": {
          "branch": null,
          "revision": "08785bd7070f59dcf7dd25772c874b96b229d708",
          "version": "9.10.1"
        }
      }
    ]
  },
  "version": 1
}
